
Microsoft Visual Studio Solution File, Format Version 12.00
# Visual Studio Version 17
VisualStudioVersion = 17.11.35327.3
MinimumVisualStudioVersion = 10.0.40219.1
Project("{FAE04EC0-301F-11D3-BF4B-00C04F79EFBC}") = "Module1", "Module1\Module1.csproj", "{5E473C08-608E-4A29-AF2C-397D69C1469F}"
EndProject
Global
	GlobalSection(SolutionConfigurationPlatforms) = preSolution
		Debug|Any CPU = Debug|Any CPU
		Release|Any CPU = Release|Any CPU
	EndGlobalSection
	GlobalSection(ProjectConfigurationPlatforms) = postSolution
		{5E473C08-608E-4A29-AF2C-397D69C1469F}.Debug|Any CPU.ActiveCfg = Debug|Any CPU
		{5E473C08-608E-4A29-AF2C-397D69C1469F}.Debug|Any CPU.Build.0 = Debug|Any CPU
		{5E473C08-608E-4A29-AF2C-397D69C1469F}.Release|Any CPU.ActiveCfg = Release|Any CPU
		{5E473C08-608E-4A29-AF2C-397D69C1469F}.Release|Any CPU.Build.0 = Release|Any CPU
	EndGlobalSection
	GlobalSection(SolutionProperties) = preSolution
		HideSolutionNode = FALSE
	EndGlobalSection
	GlobalSection(ExtensibilityGlobals) = postSolution
		SolutionGuid = {CE138BF4-BD28-4193-A578-84C4101D7E0F}
	EndGlobalSection
EndGlobal
